
Microsoft Visual Studio Solution File, Format Version 12.00
# Visual Studio Version 17
VisualStudioVersion = 17.5.002.0
MinimumVisualStudioVersion = 10.0.40219.1
Project("{9A19103F-16F7-4668-BE54-9A1E7A4F7556}") = "api", "api.csproj", "{C5BFA0A3-CFE9-406B-8A30-06E0E3C385A0}"
EndProject
Global
	GlobalSection(SolutionConfigurationPlatforms) = preSolution
		Debug|Any CPU = Debug|Any CPU
		Release|Any CPU = Release|Any CPU
	EndGlobalSection
	GlobalSection(ProjectConfigurationPlatforms) = postSolution
		{C5BFA0A3-CFE9-406B-8A30-06E0E3C385A0}.Debug|Any CPU.ActiveCfg = Debug|Any CPU
		{C5BFA0A3-CFE9-406B-8A30-06E0E3C385A0}.Debug|Any CPU.Build.0 = Debug|Any CPU
		{C5BFA0A3-CFE9-406B-8A30-06E0E3C385A0}.Release|Any CPU.ActiveCfg = Release|Any CPU
		{C5BFA0A3-CFE9-406B-8A30-06E0E3C385A0}.Release|Any CPU.Build.0 = Release|Any CPU
	EndGlobalSection
	GlobalSection(SolutionProperties) = preSolution
		HideSolutionNode = FALSE
	EndGlobalSection
	GlobalSection(ExtensibilityGlobals) = postSolution
		SolutionGuid = {757CE2DA-EF69-455E-B3D6-931B10A21BA4}
	EndGlobalSection
EndGlobal
